
Microsoft Visual Studio Solution File, Format Version 12.00
# Visual Studio Version 17
VisualStudioVersion = 17.4.33110.190
MinimumVisualStudioVersion = 10.0.40219.1
Project("{8BC9CEB8-8B4A-11D0-8D11-00A0C91BC942}") = "jaba9", "jaba9\jaba9.vcxproj", "{D4347A21-554F-4537-B777-F8D77B015511}"
EndProject
Global
	GlobalSection(SolutionConfigurationPlatforms) = preSolution
		Debug|x64 = Debug|x64
		Debug|x86 = Debug|x86
		Release|x64 = Release|x64
		Release|x86 = Release|x86
	EndGlobalSection
	GlobalSection(ProjectConfigurationPlatforms) = postSolution
		{D4347A21-554F-4537-B777-F8D77B015511}.Debug|x64.ActiveCfg = Debug|x64
		{D4347A21-554F-4537-B777-F8D77B015511}.Debug|x64.Build.0 = Debug|x64
		{D4347A21-554F-4537-B777-F8D77B015511}.Debug|x86.ActiveCfg = Debug|Win32
		{D4347A21-554F-4537-B777-F8D77B015511}.Debug|x86.Build.0 = Debug|Win32
		{D4347A21-554F-4537-B777-F8D77B015511}.Release|x64.ActiveCfg = Release|x64
		{D4347A21-554F-4537-B777-F8D77B015511}.Release|x64.Build.0 = Release|x64
		{D4347A21-554F-4537-B777-F8D77B015511}.Release|x86.ActiveCfg = Release|Win32
		{D4347A21-554F-4537-B777-F8D77B015511}.Release|x86.Build.0 = Release|Win32
	EndGlobalSection
	GlobalSection(SolutionProperties) = preSolution
		HideSolutionNode = FALSE
	EndGlobalSection
	GlobalSection(ExtensibilityGlobals) = postSolution
		SolutionGuid = {EC3A1842-F4DE-4D73-94BA-F8BB4C54AAD4}
	EndGlobalSection
EndGlobal
